
Microsoft Visual Studio Solution File, Format Version 12.00
# Visual Studio Version 16
VisualStudioVersion = 16.0.32901.82
MinimumVisualStudioVersion = 10.0.40219.1
Project("{8BC9CEB8-8B4A-11D0-8D11-00A0C91BC942}") = "P27", "P27\P27.vcxproj", "{223AC317-D2F9-4432-B9B9-00278355F651}"
EndProject
Global
	GlobalSection(SolutionConfigurationPlatforms) = preSolution
		Debug|x64 = Debug|x64
		Debug|x86 = Debug|x86
		Release|x64 = Release|x64
		Release|x86 = Release|x86
	EndGlobalSection
	GlobalSection(ProjectConfigurationPlatforms) = postSolution
		{223AC317-D2F9-4432-B9B9-00278355F651}.Debug|x64.ActiveCfg = Debug|x64
		{223AC317-D2F9-4432-B9B9-00278355F651}.Debug|x64.Build.0 = Debug|x64
		{223AC317-D2F9-4432-B9B9-00278355F651}.Debug|x86.ActiveCfg = Debug|Win32
		{223AC317-D2F9-4432-B9B9-00278355F651}.Debug|x86.Build.0 = Debug|Win32
		{223AC317-D2F9-4432-B9B9-00278355F651}.Release|x64.ActiveCfg = Release|x64
		{223AC317-D2F9-4432-B9B9-00278355F651}.Release|x64.Build.0 = Release|x64
		{223AC317-D2F9-4432-B9B9-00278355F651}.Release|x86.ActiveCfg = Release|Win32
		{223AC317-D2F9-4432-B9B9-00278355F651}.Release|x86.Build.0 = Release|Win32
	EndGlobalSection
	GlobalSection(SolutionProperties) = preSolution
		HideSolutionNode = FALSE
	EndGlobalSection
	GlobalSection(ExtensibilityGlobals) = postSolution
		SolutionGuid = {B96E7506-2C66-4F3F-86E2-B16411E0494A}
	EndGlobalSection
EndGlobal
